
Microsoft Visual Studio Solution File, Format Version 12.00
# Visual Studio Version 17
VisualStudioVersion = 17.0.32014.148
MinimumVisualStudioVersion = 10.0.40219.1
Project("{9A19103F-16F7-4668-BE54-9A1E7A4F7556}") = "Polymorphism", "Polymorphism.csproj", "{52112FFD-8CE2-4EF9-B88E-10B356288200}"
EndProject
Global
	GlobalSection(SolutionConfigurationPlatforms) = preSolution
		Debug|Any CPU = Debug|Any CPU
		Release|Any CPU = Release|Any CPU
	EndGlobalSection
	GlobalSection(ProjectConfigurationPlatforms) = postSolution
		{52112FFD-8CE2-4EF9-B88E-10B356288200}.Debug|Any CPU.ActiveCfg = Debug|Any CPU
		{52112FFD-8CE2-4EF9-B88E-10B356288200}.Debug|Any CPU.Build.0 = Debug|Any CPU
		{52112FFD-8CE2-4EF9-B88E-10B356288200}.Release|Any CPU.ActiveCfg = Release|Any CPU
		{52112FFD-8CE2-4EF9-B88E-10B356288200}.Release|Any CPU.Build.0 = Release|Any CPU
	EndGlobalSection
	GlobalSection(SolutionProperties) = preSolution
		HideSolutionNode = FALSE
	EndGlobalSection
	GlobalSection(ExtensibilityGlobals) = postSolution
		SolutionGuid = {62118941-A227-40A5-9195-741A180CB2F9}
	EndGlobalSection
EndGlobal
